{
  "nodes": {
    "nix-darwin": {
      "inputs": {
        "nixpkgs": [
          "nixpkgs"
        ]
      },
      "locked": {
        "lastModified": 1713543876,
        "narHash": "sha256-olEWxacm1xZhAtpq+ZkEyQgR4zgfE7ddpNtZNvubi3g=",
        "owner": "LnL7",
        "repo": "nix-darwin",
        "rev": "9e7c20ffd056e406ddd0276ee9d89f09c5e5f4ed",
        "type": "github"
      },
      "original": {
        "owner": "LnL7",
        "repo": "nix-darwin",
        "type": "github"
      }
    },
    "nixpkgs": {
      "locked": {
        "lastModified": 1713714268,
        "narHash": "sha256-ZJGnom7YthvNxUZLdUzy5VePTwYgDYcnnPpyHT4n9lY=",
        "owner": "NixOS",
        "repo": "nixpkgs",
        "rev": "69ee1d82f1fa4c70a3dc9a64111e7eef3b8e4527",
        "type": "github"
      },
      "original": {
        "owner": "NixOS",
        "ref": "nixpkgs-unstable",
        "repo": "nixpkgs",
        "type": "github"
      }
    },
    "root": {
      "inputs": {
        "nix-darwin": "nix-darwin",
        "nixpkgs": "nixpkgs"
      }
    }
  },
  "root": "root",
  "version": 7
}
